
Microsoft Visual Studio Solution File, Format Version 12.00
# Visual Studio Version 17
VisualStudioVersion = 17.2.32526.322
MinimumVisualStudioVersion = 10.0.40219.1
Project("{FAE04EC0-301F-11D3-BF4B-00C04F79EFBC}") = "ScientificCalculatorApp", "ScientificCalculatorApp.csproj", "{49BE8D10-5A16-4F56-B445-47968ED4D9EC}"
EndProject
Global
	GlobalSection(SolutionConfigurationPlatforms) = preSolution
		Debug|Any CPU = Debug|Any CPU
		Release|Any CPU = Release|Any CPU
	EndGlobalSection
	GlobalSection(ProjectConfigurationPlatforms) = postSolution
		{49BE8D10-5A16-4F56-B445-47968ED4D9EC}.Debug|Any CPU.ActiveCfg = Debug|Any CPU
		{49BE8D10-5A16-4F56-B445-47968ED4D9EC}.Debug|Any CPU.Build.0 = Debug|Any CPU
		{49BE8D10-5A16-4F56-B445-47968ED4D9EC}.Release|Any CPU.ActiveCfg = Release|Any CPU
		{49BE8D10-5A16-4F56-B445-47968ED4D9EC}.Release|Any CPU.Build.0 = Release|Any CPU
	EndGlobalSection
	GlobalSection(SolutionProperties) = preSolution
		HideSolutionNode = FALSE
	EndGlobalSection
	GlobalSection(ExtensibilityGlobals) = postSolution
		SolutionGuid = {00BC1B1E-BB44-41CA-9A47-BC6FBA85C37C}
	EndGlobalSection
EndGlobal
